
Microsoft Visual Studio Solution File, Format Version 12.00
# Visual Studio Version 17
VisualStudioVersion = 17.11.35208.52
MinimumVisualStudioVersion = 10.0.40219.1
Project("{FAE04EC0-301F-11D3-BF4B-00C04F79EFBC}") = "a113221067", "a113221067.csproj", "{FED2EA24-5849-4A8D-86AB-50EAE4EEC038}"
EndProject
Global
	GlobalSection(SolutionConfigurationPlatforms) = preSolution
		Debug|Any CPU = Debug|Any CPU
		Release|Any CPU = Release|Any CPU
	EndGlobalSection
	GlobalSection(ProjectConfigurationPlatforms) = postSolution
		{FED2EA24-5849-4A8D-86AB-50EAE4EEC038}.Debug|Any CPU.ActiveCfg = Debug|Any CPU
		{FED2EA24-5849-4A8D-86AB-50EAE4EEC038}.Debug|Any CPU.Build.0 = Debug|Any CPU
		{FED2EA24-5849-4A8D-86AB-50EAE4EEC038}.Release|Any CPU.ActiveCfg = Release|Any CPU
		{FED2EA24-5849-4A8D-86AB-50EAE4EEC038}.Release|Any CPU.Build.0 = Release|Any CPU
	EndGlobalSection
	GlobalSection(SolutionProperties) = preSolution
		HideSolutionNode = FALSE
	EndGlobalSection
	GlobalSection(ExtensibilityGlobals) = postSolution
		SolutionGuid = {A110F67A-267F-4904-A3AC-10CDF7C938F3}
	EndGlobalSection
EndGlobal
