
Microsoft Visual Studio Solution File, Format Version 12.00
# Visual Studio Version 17
VisualStudioVersion = 17.11.35208.52
MinimumVisualStudioVersion = 10.0.40219.1
Project("{FAE04EC0-301F-11D3-BF4B-00C04F79EFBC}") = "tutorial-3-2", "tutorial-3-2.csproj", "{A5A22EDC-16F9-4855-BF66-1FE1FEA59412}"
EndProject
Global
	GlobalSection(SolutionConfigurationPlatforms) = preSolution
		Debug|Any CPU = Debug|Any CPU
		Release|Any CPU = Release|Any CPU
	EndGlobalSection
	GlobalSection(ProjectConfigurationPlatforms) = postSolution
		{A5A22EDC-16F9-4855-BF66-1FE1FEA59412}.Debug|Any CPU.ActiveCfg = Debug|Any CPU
		{A5A22EDC-16F9-4855-BF66-1FE1FEA59412}.Debug|Any CPU.Build.0 = Debug|Any CPU
		{A5A22EDC-16F9-4855-BF66-1FE1FEA59412}.Release|Any CPU.ActiveCfg = Release|Any CPU
		{A5A22EDC-16F9-4855-BF66-1FE1FEA59412}.Release|Any CPU.Build.0 = Release|Any CPU
	EndGlobalSection
	GlobalSection(SolutionProperties) = preSolution
		HideSolutionNode = FALSE
	EndGlobalSection
	GlobalSection(ExtensibilityGlobals) = postSolution
		SolutionGuid = {6E1D8059-83D4-4D9E-9C06-29AC1A255F98}
	EndGlobalSection
EndGlobal
