
Microsoft Visual Studio Solution File, Format Version 12.00
# Visual Studio Version 17
VisualStudioVersion = 17.11.35208.52
MinimumVisualStudioVersion = 10.0.40219.1
Project("{FAE04EC0-301F-11D3-BF4B-00C04F79EFBC}") = "Tutorial2-4", "Tutorial2-4.csproj", "{D4FAF9D2-DEB7-4D2F-9A57-935A6496B1BF}"
EndProject
Global
	GlobalSection(SolutionConfigurationPlatforms) = preSolution
		Debug|Any CPU = Debug|Any CPU
		Release|Any CPU = Release|Any CPU
	EndGlobalSection
	GlobalSection(ProjectConfigurationPlatforms) = postSolution
		{D4FAF9D2-DEB7-4D2F-9A57-935A6496B1BF}.Debug|Any CPU.ActiveCfg = Debug|Any CPU
		{D4FAF9D2-DEB7-4D2F-9A57-935A6496B1BF}.Debug|Any CPU.Build.0 = Debug|Any CPU
		{D4FAF9D2-DEB7-4D2F-9A57-935A6496B1BF}.Release|Any CPU.ActiveCfg = Release|Any CPU
		{D4FAF9D2-DEB7-4D2F-9A57-935A6496B1BF}.Release|Any CPU.Build.0 = Release|Any CPU
	EndGlobalSection
	GlobalSection(SolutionProperties) = preSolution
		HideSolutionNode = FALSE
	EndGlobalSection
	GlobalSection(ExtensibilityGlobals) = postSolution
		SolutionGuid = {AD1B1684-162D-45C0-980C-9828F514F03B}
	EndGlobalSection
EndGlobal
