
Microsoft Visual Studio Solution File, Format Version 12.00
# Visual Studio Version 17
VisualStudioVersion = 17.11.35208.52
MinimumVisualStudioVersion = 10.0.40219.1
Project("{FAE04EC0-301F-11D3-BF4B-00C04F79EFBC}") = "tutorial-3-1", "tutorial-3-1\tutorial-3-1.csproj", "{4CB54713-15F1-4C95-B519-700D7529DC0B}"
EndProject
Global
	GlobalSection(SolutionConfigurationPlatforms) = preSolution
		Debug|Any CPU = Debug|Any CPU
		Release|Any CPU = Release|Any CPU
	EndGlobalSection
	GlobalSection(ProjectConfigurationPlatforms) = postSolution
		{4CB54713-15F1-4C95-B519-700D7529DC0B}.Debug|Any CPU.ActiveCfg = Debug|Any CPU
		{4CB54713-15F1-4C95-B519-700D7529DC0B}.Debug|Any CPU.Build.0 = Debug|Any CPU
		{4CB54713-15F1-4C95-B519-700D7529DC0B}.Release|Any CPU.ActiveCfg = Release|Any CPU
		{4CB54713-15F1-4C95-B519-700D7529DC0B}.Release|Any CPU.Build.0 = Release|Any CPU
	EndGlobalSection
	GlobalSection(SolutionProperties) = preSolution
		HideSolutionNode = FALSE
	EndGlobalSection
	GlobalSection(ExtensibilityGlobals) = postSolution
		SolutionGuid = {F8073ECA-D392-41C8-B046-CDF6066C3868}
	EndGlobalSection
EndGlobal
